
Microsoft Visual Studio Solution File, Format Version 12.00
# Visual Studio 15
VisualStudioVersion = 15.0.28010.2019
MinimumVisualStudioVersion = 10.0.40219.1
Project("{FAE04EC0-301F-11D3-BF4B-00C04F79EFBC}") = "Sales.Android", "Sales\Sales.Android\Sales.Android.csproj", "{8DBFEF2F-E702-43C3-8AA2-320BF97C1B28}"
EndProject
Project("{FAE04EC0-301F-11D3-BF4B-00C04F79EFBC}") = "Sales.iOS", "Sales\Sales.iOS\Sales.iOS.csproj", "{B72BC6D0-7B0F-4544-9069-DF8512DDE48D}"
EndProject
Project("{FAE04EC0-301F-11D3-BF4B-00C04F79EFBC}") = "Sales.UWP", "Sales\Sales.UWP\Sales.UWP.csproj", "{C70FBCA5-6EE9-4958-A409-32E87AF32ADE}"
EndProject
Project("{FAE04EC0-301F-11D3-BF4B-00C04F79EFBC}") = "Sales", "Sales\Sales\Sales.csproj", "{A8981065-2CE9-4CCB-B9B5-CB203F876408}"
EndProject
Project("{FAE04EC0-301F-11D3-BF4B-00C04F79EFBC}") = "Sales.Backend", "Sales.Backend\Sales.Backend.csproj", "{9C056847-4EEA-495B-8BDE-6DEB0BFF7F30}"
EndProject
Project("{FAE04EC0-301F-11D3-BF4B-00C04F79EFBC}") = "Sales.Api", "Sales.Api\Sales.Api.csproj", "{496B5F11-7989-4C2E-84A0-6366A4EBEC0E}"
EndProject
Project("{FAE04EC0-301F-11D3-BF4B-00C04F79EFBC}") = "Sales.Domain", "Sales.Domain\Sales.Domain.csproj", "{3CB79E81-C0B5-482A-8B78-96C944C03A73}"
EndProject
Project("{FAE04EC0-301F-11D3-BF4B-00C04F79EFBC}") = "Sales.Common", "Sales.Common\Sales.Common.csproj", "{527A9FA7-4515-4F88-B161-A6C507A404DF}"
EndProject
Global
	GlobalSection(SolutionConfigurationPlatforms) = preSolution
		Ad-Hoc|Any CPU = Ad-Hoc|Any CPU
		Ad-Hoc|ARM = Ad-Hoc|ARM
		Ad-Hoc|iPhone = Ad-Hoc|iPhone
		Ad-Hoc|iPhoneSimulator = Ad-Hoc|iPhoneSimulator
		Ad-Hoc|x64 = Ad-Hoc|x64
		Ad-Hoc|x86 = Ad-Hoc|x86
		AppStore|Any CPU = AppStore|Any CPU
		AppStore|ARM = AppStore|ARM
		AppStore|iPhone = AppStore|iPhone
		AppStore|iPhoneSimulator = AppStore|iPhoneSimulator
		AppStore|x64 = AppStore|x64
		AppStore|x86 = AppStore|x86
		Debug|Any CPU = Debug|Any CPU
		Debug|ARM = Debug|ARM
		Debug|iPhone = Debug|iPhone
		Debug|iPhoneSimulator = Debug|iPhoneSimulator
		Debug|x64 = Debug|x64
		Debug|x86 = Debug|x86
		Release|Any CPU = Release|Any CPU
		Release|ARM = Release|ARM
		Release|iPhone = Release|iPhone
		Release|iPhoneSimulator = Release|iPhoneSimulator
		Release|x64 = Release|x64
		Release|x86 = Release|x86
	EndGlobalSection
	GlobalSection(ProjectConfigurationPlatforms) = postSolution
		{8DBFEF2F-E702-43C3-8AA2-320BF97C1B28}.Ad-Hoc|Any CPU.ActiveCfg = Release|Any CPU
		{8DBFEF2F-E702-43C3-8AA2-320BF97C1B28}.Ad-Hoc|Any CPU.Build.0 = Release|Any CPU
		{8DBFEF2F-E702-43C3-8AA2-320BF97C1B28}.Ad-Hoc|Any CPU.Deploy.0 = Release|Any CPU
		{8DBFEF2F-E702-43C3-8AA2-320BF97C1B28}.Ad-Hoc|ARM.ActiveCfg = Release|Any CPU
		{8DBFEF2F-E702-43C3-8AA2-320BF97C1B28}.Ad-Hoc|ARM.Build.0 = Release|Any CPU
		{8DBFEF2F-E702-43C3-8AA2-320BF97C1B28}.Ad-Hoc|ARM.Deploy.0 = Release|Any CPU
		{8DBFEF2F-E702-43C3-8AA2-320BF97C1B28}.Ad-Hoc|iPhone.ActiveCfg = Release|Any CPU
		{8DBFEF2F-E702-43C3-8AA2-320BF97C1B28}.Ad-Hoc|iPhone.Build.0 = Release|Any CPU
		{8DBFEF2F-E702-43C3-8AA2-320BF97C1B28}.Ad-Hoc|iPhone.Deploy.0 = Release|Any CPU
		{8DBFEF2F-E702-43C3-8AA2-320BF97C1B28}.Ad-Hoc|iPhoneSimulator.ActiveCfg = Release|Any CPU
		{8DBFEF2F-E702-43C3-8AA2-320BF97C1B28}.Ad-Hoc|iPhoneSimulator.Build.0 = Release|Any CPU
		{8DBFEF2F-E702-43C3-8AA2-320BF97C1B28}.Ad-Hoc|iPhoneSimulator.Deploy.0 = Release|Any CPU
		{8DBFEF2F-E702-43C3-8AA2-320BF97C1B28}.Ad-Hoc|x64.ActiveCfg = Release|Any CPU
		{8DBFEF2F-E702-43C3-8AA2-320BF97C1B28}.Ad-Hoc|x64.Build.0 = Release|Any CPU
		{8DBFEF2F-E702-43C3-8AA2-320BF97C1B28}.Ad-Hoc|x64.Deploy.0 = Release|Any CPU
		{8DBFEF2F-E702-43C3-8AA2-320BF97C1B28}.Ad-Hoc|x86.ActiveCfg = Release|Any CPU
		{8DBFEF2F-E702-43C3-8AA2-320BF97C1B28}.Ad-Hoc|x86.Build.0 = Release|Any CPU
		{8DBFEF2F-E702-43C3-8AA2-320BF97C1B28}.Ad-Hoc|x86.Deploy.0 = Release|Any CPU
		{8DBFEF2F-E702-43C3-8AA2-320BF97C1B28}.AppStore|Any CPU.ActiveCfg = Release|Any CPU
		{8DBFEF2F-E702-43C3-8AA2-320BF97C1B28}.AppStore|Any CPU.Build.0 = Release|Any CPU
		{8DBFEF2F-E702-43C3-8AA2-320BF97C1B28}.AppStore|Any CPU.Deploy.0 = Release|Any CPU
		{8DBFEF2F-E702-43C3-8AA2-320BF97C1B28}.AppStore|ARM.ActiveCfg = Release|Any CPU
		{8DBFEF2F-E702-43C3-8AA2-320BF97C1B28}.AppStore|ARM.Build.0 = Release|Any CPU
		{8DBFEF2F-E702-43C3-8AA2-320BF97C1B28}.AppStore|ARM.Deploy.0 = Release|Any CPU
		{8DBFEF2F-E702-43C3-8AA2-320BF97C1B28}.AppStore|iPhone.ActiveCfg = Release|Any CPU
		{8DBFEF2F-E702-43C3-8AA2-320BF97C1B28}.AppStore|iPhone.Build.0 = Release|Any CPU
		{8DBFEF2F-E702-43C3-8AA2-320BF97C1B28}.AppStore|iPhone.Deploy.0 = Release|Any CPU
		{8DBFEF2F-E702-43C3-8AA2-320BF97C1B28}.AppStore|iPhoneSimulator.ActiveCfg = Release|Any CPU
		{8DBFEF2F-E702-43C3-8AA2-320BF97C1B28}.AppStore|iPhoneSimulator.Build.0 = Release|Any CPU
		{8DBFEF2F-E702-43C3-8AA2-320BF97C1B28}.AppStore|iPhoneSimulator.Deploy.0 = Release|Any CPU
		{8DBFEF2F-E702-43C3-8AA2-320BF97C1B28}.AppStore|x64.ActiveCfg = Release|Any CPU
		{8DBFEF2F-E702-43C3-8AA2-320BF97C1B28}.AppStore|x64.Build.0 = Release|Any CPU
		{8DBFEF2F-E702-43C3-8AA2-320BF97C1B28}.AppStore|x64.Deploy.0 = Release|Any CPU
		{8DBFEF2F-E702-43C3-8AA2-320BF97C1B28}.AppStore|x86.ActiveCfg = Release|Any CPU
		{8DBFEF2F-E702-43C3-8AA2-320BF97C1B28}.AppStore|x86.Build.0 = Release|Any CPU
		{8DBFEF2F-E702-43C3-8AA2-320BF97C1B28}.AppStore|x86.Deploy.0 = Release|Any CPU
		{8DBFEF2F-E702-43C3-8AA2-320BF97C1B28}.Debug|Any CPU.ActiveCfg = Debug|Any CPU
		{8DBFEF2F-E702-43C3-8AA2-320BF97C1B28}.Debug|Any CPU.Build.0 = Debug|Any CPU
		{8DBFEF2F-E702-43C3-8AA2-320BF97C1B28}.Debug|Any CPU.Deploy.0 = Debug|Any CPU
		{8DBFEF2F-E702-43C3-8AA2-320BF97C1B28}.Debug|ARM.ActiveCfg = Debug|Any CPU
		{8DBFEF2F-E702-43C3-8AA2-320BF97C1B28}.Debug|ARM.Build.0 = Debug|Any CPU
		{8DBFEF2F-E702-43C3-8AA2-320BF97C1B28}.Debug|ARM.Deploy.0 = Debug|Any CPU
		{8DBFEF2F-E702-43C3-8AA2-320BF97C1B28}.Debug|iPhone.ActiveCfg = Debug|Any CPU
		{8DBFEF2F-E702-43C3-8AA2-320BF97C1B28}.Debug|iPhone.Build.0 = Debug|Any CPU
		{8DBFEF2F-E702-43C3-8AA2-320BF97C1B28}.Debug|iPhone.Deploy.0 = Debug|Any CPU
		{8DBFEF2F-E702-43C3-8AA2-320BF97C1B28}.Debug|iPhoneSimulator.ActiveCfg = Debug|Any CPU
		{8DBFEF2F-E702-43C3-8AA2-320BF97C1B28}.Debug|iPhoneSimulator.Build.0 = Debug|Any CPU
		{8DBFEF2F-E702-43C3-8AA2-320BF97C1B28}.Debug|iPhoneSimulator.Deploy.0 = Debug|Any CPU
		{8DBFEF2F-E702-43C3-8AA2-320BF97C1B28}.Debug|x64.ActiveCfg = Debug|Any CPU
		{8DBFEF2F-E702-43C3-8AA2-320BF97C1B28}.Debug|x64.Build.0 = Debug|Any CPU
		{8DBFEF2F-E702-43C3-8AA2-320BF97C1B28}.Debug|x64.Deploy.0 = Debug|Any CPU
		{8DBFEF2F-E702-43C3-8AA2-320BF97C1B28}.Debug|x86.ActiveCfg = Debug|Any CPU
		{8DBFEF2F-E702-43C3-8AA2-320BF97C1B28}.Debug|x86.Build.0 = Debug|Any CPU
		{8DBFEF2F-E702-43C3-8AA2-320BF97C1B28}.Debug|x86.Deploy.0 = Debug|Any CPU
		{8DBFEF2F-E702-43C3-8AA2-320BF97C1B28}.Release|Any CPU.ActiveCfg = Release|Any CPU
		{8DBFEF2F-E702-43C3-8AA2-320BF97C1B28}.Release|Any CPU.Build.0 = Release|Any CPU
		{8DBFEF2F-E702-43C3-8AA2-320BF97C1B28}.Release|Any CPU.Deploy.0 = Release|Any CPU
		{8DBFEF2F-E702-43C3-8AA2-320BF97C1B28}.Release|ARM.ActiveCfg = Release|Any CPU
		{8DBFEF2F-E702-43C3-8AA2-320BF97C1B28}.Release|ARM.Build.0 = Release|Any CPU
		{8DBFEF2F-E702-43C3-8AA2-320BF97C1B28}.Release|ARM.Deploy.0 = Release|Any CPU
		{8DBFEF2F-E702-43C3-8AA2-320BF97C1B28}.Release|iPhone.ActiveCfg = Release|Any CPU
		{8DBFEF2F-E702-43C3-8AA2-320BF97C1B28}.Release|iPhone.Build.0 = Release|Any CPU
		{8DBFEF2F-E702-43C3-8AA2-320BF97C1B28}.Release|iPhone.Deploy.0 = Release|Any CPU
		{8DBFEF2F-E702-43C3-8AA2-320BF97C1B28}.Release|iPhoneSimulator.ActiveCfg = Release|Any CPU
		{8DBFEF2F-E702-43C3-8AA2-320BF97C1B28}.Release|iPhoneSimulator.Build.0 = Release|Any CPU
		{8DBFEF2F-E702-43C3-8AA2-320BF97C1B28}.Release|iPhoneSimulator.Deploy.0 = Release|Any CPU
		{8DBFEF2F-E702-43C3-8AA2-320BF97C1B28}.Release|x64.ActiveCfg = Release|Any CPU
		{8DBFEF2F-E702-43C3-8AA2-320BF97C1B28}.Release|x64.Build.0 = Release|Any CPU
		{8DBFEF2F-E702-43C3-8AA2-320BF97C1B28}.Release|x64.Deploy.0 = Release|Any CPU
		{8DBFEF2F-E702-43C3-8AA2-320BF97C1B28}.Release|x86.ActiveCfg = Release|Any CPU
		{8DBFEF2F-E702-43C3-8AA2-320BF97C1B28}.Release|x86.Build.0 = Release|Any CPU
		{8DBFEF2F-E702-43C3-8AA2-320BF97C1B28}.Release|x86.Deploy.0 = Release|Any CPU
		{B72BC6D0-7B0F-4544-9069-DF8512DDE48D}.Ad-Hoc|Any CPU.ActiveCfg = Ad-Hoc|iPhone
		{B72BC6D0-7B0F-4544-9069-DF8512DDE48D}.Ad-Hoc|Any CPU.Build.0 = Ad-Hoc|iPhone
		{B72BC6D0-7B0F-4544-9069-DF8512DDE48D}.Ad-Hoc|Any CPU.Deploy.0 = Ad-Hoc|iPhone
		{B72BC6D0-7B0F-4544-9069-DF8512DDE48D}.Ad-Hoc|ARM.ActiveCfg = Ad-Hoc|iPhone
		{B72BC6D0-7B0F-4544-9069-DF8512DDE48D}.Ad-Hoc|ARM.Build.0 = Ad-Hoc|iPhone
		{B72BC6D0-7B0F-4544-9069-DF8512DDE48D}.Ad-Hoc|ARM.Deploy.0 = Ad-Hoc|iPhone
		{B72BC6D0-7B0F-4544-9069-DF8512DDE48D}.Ad-Hoc|iPhone.ActiveCfg = Ad-Hoc|iPhone
		{B72BC6D0-7B0F-4544-9069-DF8512DDE48D}.Ad-Hoc|iPhone.Build.0 = Ad-Hoc|iPhone
		{B72BC6D0-7B0F-4544-9069-DF8512DDE48D}.Ad-Hoc|iPhone.Deploy.0 = Ad-Hoc|iPhone
		{B72BC6D0-7B0F-4544-9069-DF8512DDE48D}.Ad-Hoc|iPhoneSimulator.ActiveCfg = Ad-Hoc|iPhoneSimulator
		{B72BC6D0-7B0F-4544-9069-DF8512DDE48D}.Ad-Hoc|iPhoneSimulator.Build.0 = Ad-Hoc|iPhoneSimulator
		{B72BC6D0-7B0F-4544-9069-DF8512DDE48D}.Ad-Hoc|iPhoneSimulator.Deploy.0 = Ad-Hoc|iPhoneSimulator
		{B72BC6D0-7B0F-4544-9069-DF8512DDE48D}.Ad-Hoc|x64.ActiveCfg = Ad-Hoc|iPhone
		{B72BC6D0-7B0F-4544-9069-DF8512DDE48D}.Ad-Hoc|x64.Build.0 = Ad-Hoc|iPhone
		{B72BC6D0-7B0F-4544-9069-DF8512DDE48D}.Ad-Hoc|x64.Deploy.0 = Ad-Hoc|iPhone
		{B72BC6D0-7B0F-4544-9069-DF8512DDE48D}.Ad-Hoc|x86.ActiveCfg = Ad-Hoc|iPhone
		{B72BC6D0-7B0F-4544-9069-DF8512DDE48D}.Ad-Hoc|x86.Build.0 = Ad-Hoc|iPhone
		{B72BC6D0-7B0F-4544-9069-DF8512DDE48D}.Ad-Hoc|x86.Deploy.0 = Ad-Hoc|iPhone
		{B72BC6D0-7B0F-4544-9069-DF8512DDE48D}.AppStore|Any CPU.ActiveCfg = AppStore|iPhone
		{B72BC6D0-7B0F-4544-9069-DF8512DDE48D}.AppStore|Any CPU.Build.0 = AppStore|iPhone
		{B72BC6D0-7B0F-4544-9069-DF8512DDE48D}.AppStore|Any CPU.Deploy.0 = AppStore|iPhone
		{B72BC6D0-7B0F-4544-9069-DF8512DDE48D}.AppStore|ARM.ActiveCfg = AppStore|iPhone
		{B72BC6D0-7B0F-4544-9069-DF8512DDE48D}.AppStore|ARM.Build.0 = AppStore|iPhone
		{B72BC6D0-7B0F-4544-9069-DF8512DDE48D}.AppStore|ARM.Deploy.0 = AppStore|iPhone
		{B72BC6D0-7B0F-4544-9069-DF8512DDE48D}.AppStore|iPhone.ActiveCfg = AppStore|iPhone
		{B72BC6D0-7B0F-4544-9069-DF8512DDE48D}.AppStore|iPhone.Build.0 = AppStore|iPhone
		{B72BC6D0-7B0F-4544-9069-DF8512DDE48D}.AppStore|iPhone.Deploy.0 = AppStore|iPhone
		{B72BC6D0-7B0F-4544-9069-DF8512DDE48D}.AppStore|iPhoneSimulator.ActiveCfg = AppStore|iPhoneSimulator
		{B72BC6D0-7B0F-4544-9069-DF8512DDE48D}.AppStore|iPhoneSimulator.Build.0 = AppStore|iPhoneSimulator
		{B72BC6D0-7B0F-4544-9069-DF8512DDE48D}.AppStore|iPhoneSimulator.Deploy.0 = AppStore|iPhoneSimulator
		{B72BC6D0-7B0F-4544-9069-DF8512DDE48D}.AppStore|x64.ActiveCfg = AppStore|iPhone
		{B72BC6D0-7B0F-4544-9069-DF8512DDE48D}.AppStore|x64.Build.0 = AppStore|iPhone
		{B72BC6D0-7B0F-4544-9069-DF8512DDE48D}.AppStore|x64.Deploy.0 = AppStore|iPhone
		{B72BC6D0-7B0F-4544-9069-DF8512DDE48D}.AppStore|x86.ActiveCfg = AppStore|iPhone
		{B72BC6D0-7B0F-4544-9069-DF8512DDE48D}.AppStore|x86.Build.0 = AppStore|iPhone
		{B72BC6D0-7B0F-4544-9069-DF8512DDE48D}.AppStore|x86.Deploy.0 = AppStore|iPhone
		{B72BC6D0-7B0F-4544-9069-DF8512DDE48D}.Debug|Any CPU.ActiveCfg = Debug|iPhoneSimulator
		{B72BC6D0-7B0F-4544-9069-DF8512DDE48D}.Debug|Any CPU.Build.0 = Debug|iPhoneSimulator
		{B72BC6D0-7B0F-4544-9069-DF8512DDE48D}.Debug|Any CPU.Deploy.0 = Debug|iPhoneSimulator
		{B72BC6D0-7B0F-4544-9069-DF8512DDE48D}.Debug|ARM.ActiveCfg = Debug|iPhone
		{B72BC6D0-7B0F-4544-9069-DF8512DDE48D}.Debug|ARM.Build.0 = Debug|iPhone
		{B72BC6D0-7B0F-4544-9069-DF8512DDE48D}.Debug|ARM.Deploy.0 = Debug|iPhone
		{B72BC6D0-7B0F-4544-9069-DF8512DDE48D}.Debug|iPhone.ActiveCfg = Debug|iPhone
		{B72BC6D0-7B0F-4544-9069-DF8512DDE48D}.Debug|iPhone.Build.0 = Debug|iPhone
		{B72BC6D0-7B0F-4544-9069-DF8512DDE48D}.Debug|iPhone.Deploy.0 = Debug|iPhone
		{B72BC6D0-7B0F-4544-9069-DF8512DDE48D}.Debug|iPhoneSimulator.ActiveCfg = Debug|iPhoneSimulator
		{B72BC6D0-7B0F-4544-9069-DF8512DDE48D}.Debug|iPhoneSimulator.Build.0 = Debug|iPhoneSimulator
		{B72BC6D0-7B0F-4544-9069-DF8512DDE48D}.Debug|iPhoneSimulator.Deploy.0 = Debug|iPhoneSimulator
		{B72BC6D0-7B0F-4544-9069-DF8512DDE48D}.Debug|x64.ActiveCfg = Debug|iPhone
		{B72BC6D0-7B0F-4544-9069-DF8512DDE48D}.Debug|x64.Build.0 = Debug|iPhone
		{B72BC6D0-7B0F-4544-9069-DF8512DDE48D}.Debug|x64.Deploy.0 = Debug|iPhone
		{B72BC6D0-7B0F-4544-9069-DF8512DDE48D}.Debug|x86.ActiveCfg = Debug|iPhone
		{B72BC6D0-7B0F-4544-9069-DF8512DDE48D}.Debug|x86.Build.0 = Debug|iPhone
		{B72BC6D0-7B0F-4544-9069-DF8512DDE48D}.Debug|x86.Deploy.0 = Debug|iPhone
		{B72BC6D0-7B0F-4544-9069-DF8512DDE48D}.Release|Any CPU.ActiveCfg = Release|iPhone
		{B72BC6D0-7B0F-4544-9069-DF8512DDE48D}.Release|Any CPU.Build.0 = Release|iPhone
		{B72BC6D0-7B0F-4544-9069-DF8512DDE48D}.Release|Any CPU.Deploy.0 = Release|iPhone
		{B72BC6D0-7B0F-4544-9069-DF8512DDE48D}.Release|ARM.ActiveCfg = Release|iPhone
		{B72BC6D0-7B0F-4544-9069-DF8512DDE48D}.Release|ARM.Build.0 = Release|iPhone
		{B72BC6D0-7B0F-4544-9069-DF8512DDE48D}.Release|ARM.Deploy.0 = Release|iPhone
		{B72BC6D0-7B0F-4544-9069-DF8512DDE48D}.Release|iPhone.ActiveCfg = Release|iPhone
		{B72BC6D0-7B0F-4544-9069-DF8512DDE48D}.Release|iPhone.Build.0 = Release|iPhone
		{B72BC6D0-7B0F-4544-9069-DF8512DDE48D}.Release|iPhone.Deploy.0 = Release|iPhone
		{B72BC6D0-7B0F-4544-9069-DF8512DDE48D}.Release|iPhoneSimulator.ActiveCfg = Release|iPhoneSimulator
		{B72BC6D0-7B0F-4544-9069-DF8512DDE48D}.Release|iPhoneSimulator.Build.0 = Release|iPhoneSimulator
		{B72BC6D0-7B0F-4544-9069-DF8512DDE48D}.Release|iPhoneSimulator.Deploy.0 = Release|iPhoneSimulator
		{B72BC6D0-7B0F-4544-9069-DF8512DDE48D}.Release|x64.ActiveCfg = Release|iPhone
		{B72BC6D0-7B0F-4544-9069-DF8512DDE48D}.Release|x64.Build.0 = Release|iPhone
		{B72BC6D0-7B0F-4544-9069-DF8512DDE48D}.Release|x64.Deploy.0 = Release|iPhone
		{B72BC6D0-7B0F-4544-9069-DF8512DDE48D}.Release|x86.ActiveCfg = Release|iPhone
		{B72BC6D0-7B0F-4544-9069-DF8512DDE48D}.Release|x86.Build.0 = Release|iPhone
		{B72BC6D0-7B0F-4544-9069-DF8512DDE48D}.Release|x86.Deploy.0 = Release|iPhone
		{C70FBCA5-6EE9-4958-A409-32E87AF32ADE}.Ad-Hoc|Any CPU.ActiveCfg = Release|x86
		{C70FBCA5-6EE9-4958-A409-32E87AF32ADE}.Ad-Hoc|Any CPU.Build.0 = Release|x86
		{C70FBCA5-6EE9-4958-A409-32E87AF32ADE}.Ad-Hoc|Any CPU.Deploy.0 = Release|x86
		{C70FBCA5-6EE9-4958-A409-32E87AF32ADE}.Ad-Hoc|ARM.ActiveCfg = Release|ARM
		{C70FBCA5-6EE9-4958-A409-32E87AF32ADE}.Ad-Hoc|ARM.Build.0 = Release|ARM
		{C70FBCA5-6EE9-4958-A409-32E87AF32ADE}.Ad-Hoc|ARM.Deploy.0 = Release|ARM
		{C70FBCA5-6EE9-4958-A409-32E87AF32ADE}.Ad-Hoc|iPhone.ActiveCfg = Release|x86
		{C70FBCA5-6EE9-4958-A409-32E87AF32ADE}.Ad-Hoc|iPhone.Build.0 = Release|x86
		{C70FBCA5-6EE9-4958-A409-32E87AF32ADE}.Ad-Hoc|iPhone.Deploy.0 = Release|x86
		{C70FBCA5-6EE9-4958-A409-32E87AF32ADE}.Ad-Hoc|iPhoneSimulator.ActiveCfg = Release|x86
		{C70FBCA5-6EE9-4958-A409-32E87AF32ADE}.Ad-Hoc|iPhoneSimulator.Build.0 = Release|x86
		{C70FBCA5-6EE9-4958-A409-32E87AF32ADE}.Ad-Hoc|iPhoneSimulator.Deploy.0 = Release|x86
		{C70FBCA5-6EE9-4958-A409-32E87AF32ADE}.Ad-Hoc|x64.ActiveCfg = Release|x64
		{C70FBCA5-6EE9-4958-A409-32E87AF32ADE}.Ad-Hoc|x64.Build.0 = Release|x64
		{C70FBCA5-6EE9-4958-A409-32E87AF32ADE}.Ad-Hoc|x64.Deploy.0 = Release|x64
		{C70FBCA5-6EE9-4958-A409-32E87AF32ADE}.Ad-Hoc|x86.ActiveCfg = Release|x86
		{C70FBCA5-6EE9-4958-A409-32E87AF32ADE}.Ad-Hoc|x86.Build.0 = Release|x86
		{C70FBCA5-6EE9-4958-A409-32E87AF32ADE}.Ad-Hoc|x86.Deploy.0 = Release|x86
		{C70FBCA5-6EE9-4958-A409-32E87AF32ADE}.AppStore|Any CPU.ActiveCfg = Release|x86
		{C70FBCA5-6EE9-4958-A409-32E87AF32ADE}.AppStore|Any CPU.Build.0 = Release|x86
		{C70FBCA5-6EE9-4958-A409-32E87AF32ADE}.AppStore|Any CPU.Deploy.0 = Release|x86
		{C70FBCA5-6EE9-4958-A409-32E87AF32ADE}.AppStore|ARM.ActiveCfg = Release|ARM
		{C70FBCA5-6EE9-4958-A409-32E87AF32ADE}.AppStore|ARM.Build.0 = Release|ARM
		{C70FBCA5-6EE9-4958-A409-32E87AF32ADE}.AppStore|ARM.Deploy.0 = Release|ARM
		{C70FBCA5-6EE9-4958-A409-32E87AF32ADE}.AppStore|iPhone.ActiveCfg = Release|x86
		{C70FBCA5-6EE9-4958-A409-32E87AF32ADE}.AppStore|iPhone.Build.0 = Release|x86
		{C70FBCA5-6EE9-4958-A409-32E87AF32ADE}.AppStore|iPhone.Deploy.0 = Release|x86
		{C70FBCA5-6EE9-4958-A409-32E87AF32ADE}.AppStore|iPhoneSimulator.ActiveCfg = Release|x86
		{C70FBCA5-6EE9-4958-A409-32E87AF32ADE}.AppStore|iPhoneSimulator.Build.0 = Release|x86
		{C70FBCA5-6EE9-4958-A409-32E87AF32ADE}.AppStore|iPhoneSimulator.Deploy.0 = Release|x86
		{C70FBCA5-6EE9-4958-A409-32E87AF32ADE}.AppStore|x64.ActiveCfg = Release|x64
		{C70FBCA5-6EE9-4958-A409-32E87AF32ADE}.AppStore|x64.Build.0 = Release|x64
		{C70FBCA5-6EE9-4958-A409-32E87AF32ADE}.AppStore|x64.Deploy.0 = Release|x64
		{C70FBCA5-6EE9-4958-A409-32E87AF32ADE}.AppStore|x86.ActiveCfg = Release|x86
		{C70FBCA5-6EE9-4958-A409-32E87AF32ADE}.AppStore|x86.Build.0 = Release|x86
		{C70FBCA5-6EE9-4958-A409-32E87AF32ADE}.AppStore|x86.Deploy.0 = Release|x86
		{C70FBCA5-6EE9-4958-A409-32E87AF32ADE}.Debug|Any CPU.ActiveCfg = Debug|x86
		{C70FBCA5-6EE9-4958-A409-32E87AF32ADE}.Debug|Any CPU.Build.0 = Debug|x86
		{C70FBCA5-6EE9-4958-A409-32E87AF32ADE}.Debug|Any CPU.Deploy.0 = Debug|x86
		{C70FBCA5-6EE9-4958-A409-32E87AF32ADE}.Debug|ARM.ActiveCfg = Debug|ARM
		{C70FBCA5-6EE9-4958-A409-32E87AF32ADE}.Debug|ARM.Build.0 = Debug|ARM
		{C70FBCA5-6EE9-4958-A409-32E87AF32ADE}.Debug|ARM.Deploy.0 = Debug|ARM
		{C70FBCA5-6EE9-4958-A409-32E87AF32ADE}.Debug|iPhone.ActiveCfg = Debug|x86
		{C70FBCA5-6EE9-4958-A409-32E87AF32ADE}.Debug|iPhone.Build.0 = Debug|x86
		{C70FBCA5-6EE9-4958-A409-32E87AF32ADE}.Debug|iPhone.Deploy.0 = Debug|x86
		{C70FBCA5-6EE9-4958-A409-32E87AF32ADE}.Debug|iPhoneSimulator.ActiveCfg = Debug|x86
		{C70FBCA5-6EE9-4958-A409-32E87AF32ADE}.Debug|iPhoneSimulator.Build.0 = Debug|x86
		{C70FBCA5-6EE9-4958-A409-32E87AF32ADE}.Debug|iPhoneSimulator.Deploy.0 = Debug|x86
		{C70FBCA5-6EE9-4958-A409-32E87AF32ADE}.Debug|x64.ActiveCfg = Debug|x64
		{C70FBCA5-6EE9-4958-A409-32E87AF32ADE}.Debug|x64.Build.0 = Debug|x64
		{C70FBCA5-6EE9-4958-A409-32E87AF32ADE}.Debug|x64.Deploy.0 = Debug|x64
		{C70FBCA5-6EE9-4958-A409-32E87AF32ADE}.Debug|x86.ActiveCfg = Debug|x86
		{C70FBCA5-6EE9-4958-A409-32E87AF32ADE}.Debug|x86.Build.0 = Debug|x86
		{C70FBCA5-6EE9-4958-A409-32E87AF32ADE}.Debug|x86.Deploy.0 = Debug|x86
		{C70FBCA5-6EE9-4958-A409-32E87AF32ADE}.Release|Any CPU.ActiveCfg = Release|x86
		{C70FBCA5-6EE9-4958-A409-32E87AF32ADE}.Release|Any CPU.Build.0 = Release|x86
		{C70FBCA5-6EE9-4958-A409-32E87AF32ADE}.Release|Any CPU.Deploy.0 = Release|x86
		{C70FBCA5-6EE9-4958-A409-32E87AF32ADE}.Release|ARM.ActiveCfg = Release|ARM
		{C70FBCA5-6EE9-4958-A409-32E87AF32ADE}.Release|ARM.Build.0 = Release|ARM
		{C70FBCA5-6EE9-4958-A409-32E87AF32ADE}.Release|ARM.Deploy.0 = Release|ARM
		{C70FBCA5-6EE9-4958-A409-32E87AF32ADE}.Release|iPhone.ActiveCfg = Release|x86
		{C70FBCA5-6EE9-4958-A409-32E87AF32ADE}.Release|iPhone.Build.0 = Release|x86
		{C70FBCA5-6EE9-4958-A409-32E87AF32ADE}.Release|iPhone.Deploy.0 = Release|x86
		{C70FBCA5-6EE9-4958-A409-32E87AF32ADE}.Release|iPhoneSimulator.ActiveCfg = Release|x86
		{C70FBCA5-6EE9-4958-A409-32E87AF32ADE}.Release|iPhoneSimulator.Build.0 = Release|x86
		{C70FBCA5-6EE9-4958-A409-32E87AF32ADE}.Release|iPhoneSimulator.Deploy.0 = Release|x86
		{C70FBCA5-6EE9-4958-A409-32E87AF32ADE}.Release|x64.ActiveCfg = Release|x64
		{C70FBCA5-6EE9-4958-A409-32E87AF32ADE}.Release|x64.Build.0 = Release|x64
		{C70FBCA5-6EE9-4958-A409-32E87AF32ADE}.Release|x64.Deploy.0 = Release|x64
		{C70FBCA5-6EE9-4958-A409-32E87AF32ADE}.Release|x86.ActiveCfg = Release|x86
		{C70FBCA5-6EE9-4958-A409-32E87AF32ADE}.Release|x86.Build.0 = Release|x86
		{C70FBCA5-6EE9-4958-A409-32E87AF32ADE}.Release|x86.Deploy.0 = Release|x86
		{A8981065-2CE9-4CCB-B9B5-CB203F876408}.Ad-Hoc|Any CPU.ActiveCfg = Debug|Any CPU
		{A8981065-2CE9-4CCB-B9B5-CB203F876408}.Ad-Hoc|Any CPU.Build.0 = Debug|Any CPU
		{A8981065-2CE9-4CCB-B9B5-CB203F876408}.Ad-Hoc|Any CPU.Deploy.0 = Debug|Any CPU
		{A8981065-2CE9-4CCB-B9B5-CB203F876408}.Ad-Hoc|ARM.ActiveCfg = Debug|Any CPU
		{A8981065-2CE9-4CCB-B9B5-CB203F876408}.Ad-Hoc|ARM.Build.0 = Debug|Any CPU
		{A8981065-2CE9-4CCB-B9B5-CB203F876408}.Ad-Hoc|ARM.Deploy.0 = Debug|Any CPU
		{A8981065-2CE9-4CCB-B9B5-CB203F876408}.Ad-Hoc|iPhone.ActiveCfg = Debug|Any CPU
		{A8981065-2CE9-4CCB-B9B5-CB203F876408}.Ad-Hoc|iPhone.Build.0 = Debug|Any CPU
		{A8981065-2CE9-4CCB-B9B5-CB203F876408}.Ad-Hoc|iPhone.Deploy.0 = Debug|Any CPU
		{A8981065-2CE9-4CCB-B9B5-CB203F876408}.Ad-Hoc|iPhoneSimulator.ActiveCfg = Debug|Any CPU
		{A8981065-2CE9-4CCB-B9B5-CB203F876408}.Ad-Hoc|iPhoneSimulator.Build.0 = Debug|Any CPU
		{A8981065-2CE9-4CCB-B9B5-CB203F876408}.Ad-Hoc|iPhoneSimulator.Deploy.0 = Debug|Any CPU
		{A8981065-2CE9-4CCB-B9B5-CB203F876408}.Ad-Hoc|x64.ActiveCfg = Debug|Any CPU
		{A8981065-2CE9-4CCB-B9B5-CB203F876408}.Ad-Hoc|x64.Build.0 = Debug|Any CPU
		{A8981065-2CE9-4CCB-B9B5-CB203F876408}.Ad-Hoc|x64.Deploy.0 = Debug|Any CPU
		{A8981065-2CE9-4CCB-B9B5-CB203F876408}.Ad-Hoc|x86.ActiveCfg = Debug|Any CPU
		{A8981065-2CE9-4CCB-B9B5-CB203F876408}.Ad-Hoc|x86.Build.0 = Debug|Any CPU
		{A8981065-2CE9-4CCB-B9B5-CB203F876408}.Ad-Hoc|x86.Deploy.0 = Debug|Any CPU
		{A8981065-2CE9-4CCB-B9B5-CB203F876408}.AppStore|Any CPU.ActiveCfg = Debug|Any CPU
		{A8981065-2CE9-4CCB-B9B5-CB203F876408}.AppStore|Any CPU.Build.0 = Debug|Any CPU
		{A8981065-2CE9-4CCB-B9B5-CB203F876408}.AppStore|Any CPU.Deploy.0 = Debug|Any CPU
		{A8981065-2CE9-4CCB-B9B5-CB203F876408}.AppStore|ARM.ActiveCfg = Debug|Any CPU
		{A8981065-2CE9-4CCB-B9B5-CB203F876408}.AppStore|ARM.Build.0 = Debug|Any CPU
		{A8981065-2CE9-4CCB-B9B5-CB203F876408}.AppStore|ARM.Deploy.0 = Debug|Any CPU
		{A8981065-2CE9-4CCB-B9B5-CB203F876408}.AppStore|iPhone.ActiveCfg = Debug|Any CPU
		{A8981065-2CE9-4CCB-B9B5-CB203F876408}.AppStore|iPhone.Build.0 = Debug|Any CPU
		{A8981065-2CE9-4CCB-B9B5-CB203F876408}.AppStore|iPhone.Deploy.0 = Debug|Any CPU
		{A8981065-2CE9-4CCB-B9B5-CB203F876408}.AppStore|iPhoneSimulator.ActiveCfg = Debug|Any CPU
		{A8981065-2CE9-4CCB-B9B5-CB203F876408}.AppStore|iPhoneSimulator.Build.0 = Debug|Any CPU
		{A8981065-2CE9-4CCB-B9B5-CB203F876408}.AppStore|iPhoneSimulator.Deploy.0 = Debug|Any CPU
		{A8981065-2CE9-4CCB-B9B5-CB203F876408}.AppStore|x64.ActiveCfg = Debug|Any CPU
		{A8981065-2CE9-4CCB-B9B5-CB203F876408}.AppStore|x64.Build.0 = Debug|Any CPU
		{A8981065-2CE9-4CCB-B9B5-CB203F876408}.AppStore|x64.Deploy.0 = Debug|Any CPU
		{A8981065-2CE9-4CCB-B9B5-CB203F876408}.AppStore|x86.ActiveCfg = Debug|Any CPU
		{A8981065-2CE9-4CCB-B9B5-CB203F876408}.AppStore|x86.Build.0 = Debug|Any CPU
		{A8981065-2CE9-4CCB-B9B5-CB203F876408}.AppStore|x86.Deploy.0 = Debug|Any CPU
		{A8981065-2CE9-4CCB-B9B5-CB203F876408}.Debug|Any CPU.ActiveCfg = Debug|Any CPU
		{A8981065-2CE9-4CCB-B9B5-CB203F876408}.Debug|Any CPU.Build.0 = Debug|Any CPU
		{A8981065-2CE9-4CCB-B9B5-CB203F876408}.Debug|Any CPU.Deploy.0 = Debug|Any CPU
		{A8981065-2CE9-4CCB-B9B5-CB203F876408}.Debug|ARM.ActiveCfg = Debug|Any CPU
		{A8981065-2CE9-4CCB-B9B5-CB203F876408}.Debug|ARM.Build.0 = Debug|Any CPU
		{A8981065-2CE9-4CCB-B9B5-CB203F876408}.Debug|ARM.Deploy.0 = Debug|Any CPU
		{A8981065-2CE9-4CCB-B9B5-CB203F876408}.Debug|iPhone.ActiveCfg = Debug|Any CPU
		{A8981065-2CE9-4CCB-B9B5-CB203F876408}.Debug|iPhone.Build.0 = Debug|Any CPU
		{A8981065-2CE9-4CCB-B9B5-CB203F876408}.Debug|iPhone.Deploy.0 = Debug|Any CPU
		{A8981065-2CE9-4CCB-B9B5-CB203F876408}.Debug|iPhoneSimulator.ActiveCfg = Debug|Any CPU
		{A8981065-2CE9-4CCB-B9B5-CB203F876408}.Debug|iPhoneSimulator.Build.0 = Debug|Any CPU
		{A8981065-2CE9-4CCB-B9B5-CB203F876408}.Debug|iPhoneSimulator.Deploy.0 = Debug|Any CPU
		{A8981065-2CE9-4CCB-B9B5-CB203F876408}.Debug|x64.ActiveCfg = Debug|Any CPU
		{A8981065-2CE9-4CCB-B9B5-CB203F876408}.Debug|x64.Build.0 = Debug|Any CPU
		{A8981065-2CE9-4CCB-B9B5-CB203F876408}.Debug|x64.Deploy.0 = Debug|Any CPU
		{A8981065-2CE9-4CCB-B9B5-CB203F876408}.Debug|x86.ActiveCfg = Debug|Any CPU
		{A8981065-2CE9-4CCB-B9B5-CB203F876408}.Debug|x86.Build.0 = Debug|Any CPU
		{A8981065-2CE9-4CCB-B9B5-CB203F876408}.Debug|x86.Deploy.0 = Debug|Any CPU
		{A8981065-2CE9-4CCB-B9B5-CB203F876408}.Release|Any CPU.ActiveCfg = Release|Any CPU
		{A8981065-2CE9-4CCB-B9B5-CB203F876408}.Release|Any CPU.Build.0 = Release|Any CPU
		{A8981065-2CE9-4CCB-B9B5-CB203F876408}.Release|Any CPU.Deploy.0 = Release|Any CPU
		{A8981065-2CE9-4CCB-B9B5-CB203F876408}.Release|ARM.ActiveCfg = Release|Any CPU
		{A8981065-2CE9-4CCB-B9B5-CB203F876408}.Release|ARM.Build.0 = Release|Any CPU
		{A8981065-2CE9-4CCB-B9B5-CB203F876408}.Release|ARM.Deploy.0 = Release|Any CPU
		{A8981065-2CE9-4CCB-B9B5-CB203F876408}.Release|iPhone.ActiveCfg = Release|Any CPU
		{A8981065-2CE9-4CCB-B9B5-CB203F876408}.Release|iPhone.Build.0 = Release|Any CPU
		{A8981065-2CE9-4CCB-B9B5-CB203F876408}.Release|iPhone.Deploy.0 = Release|Any CPU
		{A8981065-2CE9-4CCB-B9B5-CB203F876408}.Release|iPhoneSimulator.ActiveCfg = Release|Any CPU
		{A8981065-2CE9-4CCB-B9B5-CB203F876408}.Release|iPhoneSimulator.Build.0 = Release|Any CPU
		{A8981065-2CE9-4CCB-B9B5-CB203F876408}.Release|iPhoneSimulator.Deploy.0 = Release|Any CPU
		{A8981065-2CE9-4CCB-B9B5-CB203F876408}.Release|x64.ActiveCfg = Release|Any CPU
		{A8981065-2CE9-4CCB-B9B5-CB203F876408}.Release|x64.Build.0 = Release|Any CPU
		{A8981065-2CE9-4CCB-B9B5-CB203F876408}.Release|x64.Deploy.0 = Release|Any CPU
		{A8981065-2CE9-4CCB-B9B5-CB203F876408}.Release|x86.ActiveCfg = Release|Any CPU
		{A8981065-2CE9-4CCB-B9B5-CB203F876408}.Release|x86.Build.0 = Release|Any CPU
		{A8981065-2CE9-4CCB-B9B5-CB203F876408}.Release|x86.Deploy.0 = Release|Any CPU
		{9C056847-4EEA-495B-8BDE-6DEB0BFF7F30}.Ad-Hoc|Any CPU.ActiveCfg = Release|Any CPU
		{9C056847-4EEA-495B-8BDE-6DEB0BFF7F30}.Ad-Hoc|Any CPU.Build.0 = Release|Any CPU
		{9C056847-4EEA-495B-8BDE-6DEB0BFF7F30}.Ad-Hoc|ARM.ActiveCfg = Release|Any CPU
		{9C056847-4EEA-495B-8BDE-6DEB0BFF7F30}.Ad-Hoc|ARM.Build.0 = Release|Any CPU
		{9C056847-4EEA-495B-8BDE-6DEB0BFF7F30}.Ad-Hoc|iPhone.ActiveCfg = Release|Any CPU
		{9C056847-4EEA-495B-8BDE-6DEB0BFF7F30}.Ad-Hoc|iPhone.Build.0 = Release|Any CPU
		{9C056847-4EEA-495B-8BDE-6DEB0BFF7F30}.Ad-Hoc|iPhoneSimulator.ActiveCfg = Release|Any CPU
		{9C056847-4EEA-495B-8BDE-6DEB0BFF7F30}.Ad-Hoc|iPhoneSimulator.Build.0 = Release|Any CPU
		{9C056847-4EEA-495B-8BDE-6DEB0BFF7F30}.Ad-Hoc|x64.ActiveCfg = Release|Any CPU
		{9C056847-4EEA-495B-8BDE-6DEB0BFF7F30}.Ad-Hoc|x64.Build.0 = Release|Any CPU
		{9C056847-4EEA-495B-8BDE-6DEB0BFF7F30}.Ad-Hoc|x86.ActiveCfg = Release|Any CPU
		{9C056847-4EEA-495B-8BDE-6DEB0BFF7F30}.Ad-Hoc|x86.Build.0 = Release|Any CPU
		{9C056847-4EEA-495B-8BDE-6DEB0BFF7F30}.AppStore|Any CPU.ActiveCfg = Release|Any CPU
		{9C056847-4EEA-495B-8BDE-6DEB0BFF7F30}.AppStore|Any CPU.Build.0 = Release|Any CPU
		{9C056847-4EEA-495B-8BDE-6DEB0BFF7F30}.AppStore|ARM.ActiveCfg = Release|Any CPU
		{9C056847-4EEA-495B-8BDE-6DEB0BFF7F30}.AppStore|ARM.Build.0 = Release|Any CPU
		{9C056847-4EEA-495B-8BDE-6DEB0BFF7F30}.AppStore|iPhone.ActiveCfg = Release|Any CPU
		{9C056847-4EEA-495B-8BDE-6DEB0BFF7F30}.AppStore|iPhone.Build.0 = Release|Any CPU
		{9C056847-4EEA-495B-8BDE-6DEB0BFF7F30}.AppStore|iPhoneSimulator.ActiveCfg = Release|Any CPU
		{9C056847-4EEA-495B-8BDE-6DEB0BFF7F30}.AppStore|iPhoneSimulator.Build.0 = Release|Any CPU
		{9C056847-4EEA-495B-8BDE-6DEB0BFF7F30}.AppStore|x64.ActiveCfg = Release|Any CPU
		{9C056847-4EEA-495B-8BDE-6DEB0BFF7F30}.AppStore|x64.Build.0 = Release|Any CPU
		{9C056847-4EEA-495B-8BDE-6DEB0BFF7F30}.AppStore|x86.ActiveCfg = Release|Any CPU
		{9C056847-4EEA-495B-8BDE-6DEB0BFF7F30}.AppStore|x86.Build.0 = Release|Any CPU
		{9C056847-4EEA-495B-8BDE-6DEB0BFF7F30}.Debug|Any CPU.ActiveCfg = Debug|Any CPU
		{9C056847-4EEA-495B-8BDE-6DEB0BFF7F30}.Debug|Any CPU.Build.0 = Debug|Any CPU
		{9C056847-4EEA-495B-8BDE-6DEB0BFF7F30}.Debug|ARM.ActiveCfg = Debug|Any CPU
		{9C056847-4EEA-495B-8BDE-6DEB0BFF7F30}.Debug|ARM.Build.0 = Debug|Any CPU
		{9C056847-4EEA-495B-8BDE-6DEB0BFF7F30}.Debug|iPhone.ActiveCfg = Debug|Any CPU
		{9C056847-4EEA-495B-8BDE-6DEB0BFF7F30}.Debug|iPhone.Build.0 = Debug|Any CPU
		{9C056847-4EEA-495B-8BDE-6DEB0BFF7F30}.Debug|iPhoneSimulator.ActiveCfg = Debug|Any CPU
		{9C056847-4EEA-495B-8BDE-6DEB0BFF7F30}.Debug|iPhoneSimulator.Build.0 = Debug|Any CPU
		{9C056847-4EEA-495B-8BDE-6DEB0BFF7F30}.Debug|x64.ActiveCfg = Debug|Any CPU
		{9C056847-4EEA-495B-8BDE-6DEB0BFF7F30}.Debug|x64.Build.0 = Debug|Any CPU
		{9C056847-4EEA-495B-8BDE-6DEB0BFF7F30}.Debug|x86.ActiveCfg = Debug|Any CPU
		{9C056847-4EEA-495B-8BDE-6DEB0BFF7F30}.Debug|x86.Build.0 = Debug|Any CPU
		{9C056847-4EEA-495B-8BDE-6DEB0BFF7F30}.Release|Any CPU.ActiveCfg = Release|Any CPU
		{9C056847-4EEA-495B-8BDE-6DEB0BFF7F30}.Release|Any CPU.Build.0 = Release|Any CPU
		{9C056847-4EEA-495B-8BDE-6DEB0BFF7F30}.Release|ARM.ActiveCfg = Release|Any CPU
		{9C056847-4EEA-495B-8BDE-6DEB0BFF7F30}.Release|ARM.Build.0 = Release|Any CPU
		{9C056847-4EEA-495B-8BDE-6DEB0BFF7F30}.Release|iPhone.ActiveCfg = Release|Any CPU
		{9C056847-4EEA-495B-8BDE-6DEB0BFF7F30}.Release|iPhone.Build.0 = Release|Any CPU
		{9C056847-4EEA-495B-8BDE-6DEB0BFF7F30}.Release|iPhoneSimulator.ActiveCfg = Release|Any CPU
		{9C056847-4EEA-495B-8BDE-6DEB0BFF7F30}.Release|iPhoneSimulator.Build.0 = Release|Any CPU
		{9C056847-4EEA-495B-8BDE-6DEB0BFF7F30}.Release|x64.ActiveCfg = Release|Any CPU
		{9C056847-4EEA-495B-8BDE-6DEB0BFF7F30}.Release|x64.Build.0 = Release|Any CPU
		{9C056847-4EEA-495B-8BDE-6DEB0BFF7F30}.Release|x86.ActiveCfg = Release|Any CPU
		{9C056847-4EEA-495B-8BDE-6DEB0BFF7F30}.Release|x86.Build.0 = Release|Any CPU
		{496B5F11-7989-4C2E-84A0-6366A4EBEC0E}.Ad-Hoc|Any CPU.ActiveCfg = Release|Any CPU
		{496B5F11-7989-4C2E-84A0-6366A4EBEC0E}.Ad-Hoc|Any CPU.Build.0 = Release|Any CPU
		{496B5F11-7989-4C2E-84A0-6366A4EBEC0E}.Ad-Hoc|ARM.ActiveCfg = Release|Any CPU
		{496B5F11-7989-4C2E-84A0-6366A4EBEC0E}.Ad-Hoc|ARM.Build.0 = Release|Any CPU
		{496B5F11-7989-4C2E-84A0-6366A4EBEC0E}.Ad-Hoc|iPhone.ActiveCfg = Release|Any CPU
		{496B5F11-7989-4C2E-84A0-6366A4EBEC0E}.Ad-Hoc|iPhone.Build.0 = Release|Any CPU
		{496B5F11-7989-4C2E-84A0-6366A4EBEC0E}.Ad-Hoc|iPhoneSimulator.ActiveCfg = Release|Any CPU
		{496B5F11-7989-4C2E-84A0-6366A4EBEC0E}.Ad-Hoc|iPhoneSimulator.Build.0 = Release|Any CPU
		{496B5F11-7989-4C2E-84A0-6366A4EBEC0E}.Ad-Hoc|x64.ActiveCfg = Release|Any CPU
		{496B5F11-7989-4C2E-84A0-6366A4EBEC0E}.Ad-Hoc|x64.Build.0 = Release|Any CPU
		{496B5F11-7989-4C2E-84A0-6366A4EBEC0E}.Ad-Hoc|x86.ActiveCfg = Release|Any CPU
		{496B5F11-7989-4C2E-84A0-6366A4EBEC0E}.Ad-Hoc|x86.Build.0 = Release|Any CPU
		{496B5F11-7989-4C2E-84A0-6366A4EBEC0E}.AppStore|Any CPU.ActiveCfg = Release|Any CPU
		{496B5F11-7989-4C2E-84A0-6366A4EBEC0E}.AppStore|Any CPU.Build.0 = Release|Any CPU
		{496B5F11-7989-4C2E-84A0-6366A4EBEC0E}.AppStore|ARM.ActiveCfg = Release|Any CPU
		{496B5F11-7989-4C2E-84A0-6366A4EBEC0E}.AppStore|ARM.Build.0 = Release|Any CPU
		{496B5F11-7989-4C2E-84A0-6366A4EBEC0E}.AppStore|iPhone.ActiveCfg = Release|Any CPU
		{496B5F11-7989-4C2E-84A0-6366A4EBEC0E}.AppStore|iPhone.Build.0 = Release|Any CPU
		{496B5F11-7989-4C2E-84A0-6366A4EBEC0E}.AppStore|iPhoneSimulator.ActiveCfg = Release|Any CPU
		{496B5F11-7989-4C2E-84A0-6366A4EBEC0E}.AppStore|iPhoneSimulator.Build.0 = Release|Any CPU
		{496B5F11-7989-4C2E-84A0-6366A4EBEC0E}.AppStore|x64.ActiveCfg = Release|Any CPU
		{496B5F11-7989-4C2E-84A0-6366A4EBEC0E}.AppStore|x64.Build.0 = Release|Any CPU
		{496B5F11-7989-4C2E-84A0-6366A4EBEC0E}.AppStore|x86.ActiveCfg = Release|Any CPU
		{496B5F11-7989-4C2E-84A0-6366A4EBEC0E}.AppStore|x86.Build.0 = Release|Any CPU
		{496B5F11-7989-4C2E-84A0-6366A4EBEC0E}.Debug|Any CPU.ActiveCfg = Debug|Any CPU
		{496B5F11-7989-4C2E-84A0-6366A4EBEC0E}.Debug|Any CPU.Build.0 = Debug|Any CPU
		{496B5F11-7989-4C2E-84A0-6366A4EBEC0E}.Debug|ARM.ActiveCfg = Debug|Any CPU
		{496B5F11-7989-4C2E-84A0-6366A4EBEC0E}.Debug|ARM.Build.0 = Debug|Any CPU
		{496B5F11-7989-4C2E-84A0-6366A4EBEC0E}.Debug|iPhone.ActiveCfg = Debug|Any CPU
		{496B5F11-7989-4C2E-84A0-6366A4EBEC0E}.Debug|iPhone.Build.0 = Debug|Any CPU
		{496B5F11-7989-4C2E-84A0-6366A4EBEC0E}.Debug|iPhoneSimulator.ActiveCfg = Debug|Any CPU
		{496B5F11-7989-4C2E-84A0-6366A4EBEC0E}.Debug|iPhoneSimulator.Build.0 = Debug|Any CPU
		{496B5F11-7989-4C2E-84A0-6366A4EBEC0E}.Debug|x64.ActiveCfg = Debug|Any CPU
		{496B5F11-7989-4C2E-84A0-6366A4EBEC0E}.Debug|x64.Build.0 = Debug|Any CPU
		{496B5F11-7989-4C2E-84A0-6366A4EBEC0E}.Debug|x86.ActiveCfg = Debug|Any CPU
		{496B5F11-7989-4C2E-84A0-6366A4EBEC0E}.Debug|x86.Build.0 = Debug|Any CPU
		{496B5F11-7989-4C2E-84A0-6366A4EBEC0E}.Release|Any CPU.ActiveCfg = Release|Any CPU
		{496B5F11-7989-4C2E-84A0-6366A4EBEC0E}.Release|Any CPU.Build.0 = Release|Any CPU
		{496B5F11-7989-4C2E-84A0-6366A4EBEC0E}.Release|ARM.ActiveCfg = Release|Any CPU
		{496B5F11-7989-4C2E-84A0-6366A4EBEC0E}.Release|ARM.Build.0 = Release|Any CPU
		{496B5F11-7989-4C2E-84A0-6366A4EBEC0E}.Release|iPhone.ActiveCfg = Release|Any CPU
		{496B5F11-7989-4C2E-84A0-6366A4EBEC0E}.Release|iPhone.Build.0 = Release|Any CPU
		{496B5F11-7989-4C2E-84A0-6366A4EBEC0E}.Release|iPhoneSimulator.ActiveCfg = Release|Any CPU
		{496B5F11-7989-4C2E-84A0-6366A4EBEC0E}.Release|iPhoneSimulator.Build.0 = Release|Any CPU
		{496B5F11-7989-4C2E-84A0-6366A4EBEC0E}.Release|x64.ActiveCfg = Release|Any CPU
		{496B5F11-7989-4C2E-84A0-6366A4EBEC0E}.Release|x64.Build.0 = Release|Any CPU
		{496B5F11-7989-4C2E-84A0-6366A4EBEC0E}.Release|x86.ActiveCfg = Release|Any CPU
		{496B5F11-7989-4C2E-84A0-6366A4EBEC0E}.Release|x86.Build.0 = Release|Any CPU
		{3CB79E81-C0B5-482A-8B78-96C944C03A73}.Ad-Hoc|Any CPU.ActiveCfg = Release|Any CPU
		{3CB79E81-C0B5-482A-8B78-96C944C03A73}.Ad-Hoc|Any CPU.Build.0 = Release|Any CPU
		{3CB79E81-C0B5-482A-8B78-96C944C03A73}.Ad-Hoc|ARM.ActiveCfg = Release|Any CPU
		{3CB79E81-C0B5-482A-8B78-96C944C03A73}.Ad-Hoc|ARM.Build.0 = Release|Any CPU
		{3CB79E81-C0B5-482A-8B78-96C944C03A73}.Ad-Hoc|iPhone.ActiveCfg = Release|Any CPU
		{3CB79E81-C0B5-482A-8B78-96C944C03A73}.Ad-Hoc|iPhone.Build.0 = Release|Any CPU
		{3CB79E81-C0B5-482A-8B78-96C944C03A73}.Ad-Hoc|iPhoneSimulator.ActiveCfg = Release|Any CPU
		{3CB79E81-C0B5-482A-8B78-96C944C03A73}.Ad-Hoc|iPhoneSimulator.Build.0 = Release|Any CPU
		{3CB79E81-C0B5-482A-8B78-96C944C03A73}.Ad-Hoc|x64.ActiveCfg = Release|Any CPU
		{3CB79E81-C0B5-482A-8B78-96C944C03A73}.Ad-Hoc|x64.Build.0 = Release|Any CPU
		{3CB79E81-C0B5-482A-8B78-96C944C03A73}.Ad-Hoc|x86.ActiveCfg = Release|Any CPU
		{3CB79E81-C0B5-482A-8B78-96C944C03A73}.Ad-Hoc|x86.Build.0 = Release|Any CPU
		{3CB79E81-C0B5-482A-8B78-96C944C03A73}.AppStore|Any CPU.ActiveCfg = Release|Any CPU
		{3CB79E81-C0B5-482A-8B78-96C944C03A73}.AppStore|Any CPU.Build.0 = Release|Any CPU
		{3CB79E81-C0B5-482A-8B78-96C944C03A73}.AppStore|ARM.ActiveCfg = Release|Any CPU
		{3CB79E81-C0B5-482A-8B78-96C944C03A73}.AppStore|ARM.Build.0 = Release|Any CPU
		{3CB79E81-C0B5-482A-8B78-96C944C03A73}.AppStore|iPhone.ActiveCfg = Release|Any CPU
		{3CB79E81-C0B5-482A-8B78-96C944C03A73}.AppStore|iPhone.Build.0 = Release|Any CPU
		{3CB79E81-C0B5-482A-8B78-96C944C03A73}.AppStore|iPhoneSimulator.ActiveCfg = Release|Any CPU
		{3CB79E81-C0B5-482A-8B78-96C944C03A73}.AppStore|iPhoneSimulator.Build.0 = Release|Any CPU
		{3CB79E81-C0B5-482A-8B78-96C944C03A73}.AppStore|x64.ActiveCfg = Release|Any CPU
		{3CB79E81-C0B5-482A-8B78-96C944C03A73}.AppStore|x64.Build.0 = Release|Any CPU
		{3CB79E81-C0B5-482A-8B78-96C944C03A73}.AppStore|x86.ActiveCfg = Release|Any CPU
		{3CB79E81-C0B5-482A-8B78-96C944C03A73}.AppStore|x86.Build.0 = Release|Any CPU
		{3CB79E81-C0B5-482A-8B78-96C944C03A73}.Debug|Any CPU.ActiveCfg = Debug|Any CPU
		{3CB79E81-C0B5-482A-8B78-96C944C03A73}.Debug|Any CPU.Build.0 = Debug|Any CPU
		{3CB79E81-C0B5-482A-8B78-96C944C03A73}.Debug|ARM.ActiveCfg = Debug|Any CPU
		{3CB79E81-C0B5-482A-8B78-96C944C03A73}.Debug|ARM.Build.0 = Debug|Any CPU
		{3CB79E81-C0B5-482A-8B78-96C944C03A73}.Debug|iPhone.ActiveCfg = Debug|Any CPU
		{3CB79E81-C0B5-482A-8B78-96C944C03A73}.Debug|iPhone.Build.0 = Debug|Any CPU
		{3CB79E81-C0B5-482A-8B78-96C944C03A73}.Debug|iPhoneSimulator.ActiveCfg = Debug|Any CPU
		{3CB79E81-C0B5-482A-8B78-96C944C03A73}.Debug|iPhoneSimulator.Build.0 = Debug|Any CPU
		{3CB79E81-C0B5-482A-8B78-96C944C03A73}.Debug|x64.ActiveCfg = Debug|Any CPU
		{3CB79E81-C0B5-482A-8B78-96C944C03A73}.Debug|x64.Build.0 = Debug|Any CPU
		{3CB79E81-C0B5-482A-8B78-96C944C03A73}.Debug|x86.ActiveCfg = Debug|Any CPU
		{3CB79E81-C0B5-482A-8B78-96C944C03A73}.Debug|x86.Build.0 = Debug|Any CPU
		{3CB79E81-C0B5-482A-8B78-96C944C03A73}.Release|Any CPU.ActiveCfg = Release|Any CPU
		{3CB79E81-C0B5-482A-8B78-96C944C03A73}.Release|Any CPU.Build.0 = Release|Any CPU
		{3CB79E81-C0B5-482A-8B78-96C944C03A73}.Release|ARM.ActiveCfg = Release|Any CPU
		{3CB79E81-C0B5-482A-8B78-96C944C03A73}.Release|ARM.Build.0 = Release|Any CPU
		{3CB79E81-C0B5-482A-8B78-96C944C03A73}.Release|iPhone.ActiveCfg = Release|Any CPU
		{3CB79E81-C0B5-482A-8B78-96C944C03A73}.Release|iPhone.Build.0 = Release|Any CPU
		{3CB79E81-C0B5-482A-8B78-96C944C03A73}.Release|iPhoneSimulator.ActiveCfg = Release|Any CPU
		{3CB79E81-C0B5-482A-8B78-96C944C03A73}.Release|iPhoneSimulator.Build.0 = Release|Any CPU
		{3CB79E81-C0B5-482A-8B78-96C944C03A73}.Release|x64.ActiveCfg = Release|Any CPU
		{3CB79E81-C0B5-482A-8B78-96C944C03A73}.Release|x64.Build.0 = Release|Any CPU
		{3CB79E81-C0B5-482A-8B78-96C944C03A73}.Release|x86.ActiveCfg = Release|Any CPU
		{3CB79E81-C0B5-482A-8B78-96C944C03A73}.Release|x86.Build.0 = Release|Any CPU
		{527A9FA7-4515-4F88-B161-A6C507A404DF}.Ad-Hoc|Any CPU.ActiveCfg = Release|Any CPU
		{527A9FA7-4515-4F88-B161-A6C507A404DF}.Ad-Hoc|Any CPU.Build.0 = Release|Any CPU
		{527A9FA7-4515-4F88-B161-A6C507A404DF}.Ad-Hoc|ARM.ActiveCfg = Release|Any CPU
		{527A9FA7-4515-4F88-B161-A6C507A404DF}.Ad-Hoc|ARM.Build.0 = Release|Any CPU
		{527A9FA7-4515-4F88-B161-A6C507A404DF}.Ad-Hoc|iPhone.ActiveCfg = Release|Any CPU
		{527A9FA7-4515-4F88-B161-A6C507A404DF}.Ad-Hoc|iPhone.Build.0 = Release|Any CPU
		{527A9FA7-4515-4F88-B161-A6C507A404DF}.Ad-Hoc|iPhoneSimulator.ActiveCfg = Release|Any CPU
		{527A9FA7-4515-4F88-B161-A6C507A404DF}.Ad-Hoc|iPhoneSimulator.Build.0 = Release|Any CPU
		{527A9FA7-4515-4F88-B161-A6C507A404DF}.Ad-Hoc|x64.ActiveCfg = Release|Any CPU
		{527A9FA7-4515-4F88-B161-A6C507A404DF}.Ad-Hoc|x64.Build.0 = Release|Any CPU
		{527A9FA7-4515-4F88-B161-A6C507A404DF}.Ad-Hoc|x86.ActiveCfg = Release|Any CPU
		{527A9FA7-4515-4F88-B161-A6C507A404DF}.Ad-Hoc|x86.Build.0 = Release|Any CPU
		{527A9FA7-4515-4F88-B161-A6C507A404DF}.AppStore|Any CPU.ActiveCfg = Release|Any CPU
		{527A9FA7-4515-4F88-B161-A6C507A404DF}.AppStore|Any CPU.Build.0 = Release|Any CPU
		{527A9FA7-4515-4F88-B161-A6C507A404DF}.AppStore|ARM.ActiveCfg = Release|Any CPU
		{527A9FA7-4515-4F88-B161-A6C507A404DF}.AppStore|ARM.Build.0 = Release|Any CPU
		{527A9FA7-4515-4F88-B161-A6C507A404DF}.AppStore|iPhone.ActiveCfg = Release|Any CPU
		{527A9FA7-4515-4F88-B161-A6C507A404DF}.AppStore|iPhone.Build.0 = Release|Any CPU
		{527A9FA7-4515-4F88-B161-A6C507A404DF}.AppStore|iPhoneSimulator.ActiveCfg = Release|Any CPU
		{527A9FA7-4515-4F88-B161-A6C507A404DF}.AppStore|iPhoneSimulator.Build.0 = Release|Any CPU
		{527A9FA7-4515-4F88-B161-A6C507A404DF}.AppStore|x64.ActiveCfg = Release|Any CPU
		{527A9FA7-4515-4F88-B161-A6C507A404DF}.AppStore|x64.Build.0 = Release|Any CPU
		{527A9FA7-4515-4F88-B161-A6C507A404DF}.AppStore|x86.ActiveCfg = Release|Any CPU
		{527A9FA7-4515-4F88-B161-A6C507A404DF}.AppStore|x86.Build.0 = Release|Any CPU
		{527A9FA7-4515-4F88-B161-A6C507A404DF}.Debug|Any CPU.ActiveCfg = Debug|Any CPU
		{527A9FA7-4515-4F88-B161-A6C507A404DF}.Debug|Any CPU.Build.0 = Debug|Any CPU
		{527A9FA7-4515-4F88-B161-A6C507A404DF}.Debug|ARM.ActiveCfg = Debug|Any CPU
		{527A9FA7-4515-4F88-B161-A6C507A404DF}.Debug|ARM.Build.0 = Debug|Any CPU
		{527A9FA7-4515-4F88-B161-A6C507A404DF}.Debug|iPhone.ActiveCfg = Debug|Any CPU
		{527A9FA7-4515-4F88-B161-A6C507A404DF}.Debug|iPhone.Build.0 = Debug|Any CPU
		{527A9FA7-4515-4F88-B161-A6C507A404DF}.Debug|iPhoneSimulator.ActiveCfg = Debug|Any CPU
		{527A9FA7-4515-4F88-B161-A6C507A404DF}.Debug|iPhoneSimulator.Build.0 = Debug|Any CPU
		{527A9FA7-4515-4F88-B161-A6C507A404DF}.Debug|x64.ActiveCfg = Debug|Any CPU
		{527A9FA7-4515-4F88-B161-A6C507A404DF}.Debug|x64.Build.0 = Debug|Any CPU
		{527A9FA7-4515-4F88-B161-A6C507A404DF}.Debug|x86.ActiveCfg = Debug|Any CPU
		{527A9FA7-4515-4F88-B161-A6C507A404DF}.Debug|x86.Build.0 = Debug|Any CPU
		{527A9FA7-4515-4F88-B161-A6C507A404DF}.Release|Any CPU.ActiveCfg = Release|Any CPU
		{527A9FA7-4515-4F88-B161-A6C507A404DF}.Release|Any CPU.Build.0 = Release|Any CPU
		{527A9FA7-4515-4F88-B161-A6C507A404DF}.Release|ARM.ActiveCfg = Release|Any CPU
		{527A9FA7-4515-4F88-B161-A6C507A404DF}.Release|ARM.Build.0 = Release|Any CPU
		{527A9FA7-4515-4F88-B161-A6C507A404DF}.Release|iPhone.ActiveCfg = Release|Any CPU
		{527A9FA7-4515-4F88-B161-A6C507A404DF}.Release|iPhone.Build.0 = Release|Any CPU
		{527A9FA7-4515-4F88-B161-A6C507A404DF}.Release|iPhoneSimulator.ActiveCfg = Release|Any CPU
		{527A9FA7-4515-4F88-B161-A6C507A404DF}.Release|iPhoneSimulator.Build.0 = Release|Any CPU
		{527A9FA7-4515-4F88-B161-A6C507A404DF}.Release|x64.ActiveCfg = Release|Any CPU
		{527A9FA7-4515-4F88-B161-A6C507A404DF}.Release|x64.Build.0 = Release|Any CPU
		{527A9FA7-4515-4F88-B161-A6C507A404DF}.Release|x86.ActiveCfg = Release|Any CPU
		{527A9FA7-4515-4F88-B161-A6C507A404DF}.Release|x86.Build.0 = Release|Any CPU
	EndGlobalSection
	GlobalSection(SolutionProperties) = preSolution
		HideSolutionNode = FALSE
	EndGlobalSection
	GlobalSection(ExtensibilityGlobals) = postSolution
		SolutionGuid = {AE950067-02F9-4AE9-B25E-0B4E34B8BD11}
	EndGlobalSection
EndGlobal
